# THIS IS AN AUTOGENERATED FILE. DO NOT EDIT THIS FILE DIRECTLY.
# yarn lockfile v1


crypto-js@~3.1.2-2:
  version "3.1.8"
  resolved "https://registry.yarnpkg.com/crypto-js/-/crypto-js-3.1.8.tgz#715f070bf6014f2ae992a98b3929258b713f08d5"

oauth-1.0a@1.0.1:
  version "1.0.1"
  resolved "https://registry.yarnpkg.com/oauth-1.0a/-/oauth-1.0a-1.0.1.tgz#29a9b580d7cf5de29573e2269fb05eb3efb1d819"
  dependencies:
    crypto-js "~3.1.2-2"
